[[package]]
name = "ans_utils_v2.aleo"
location = "local"
path = "/Users/snowtiger/PycharmProjects/ans-programs/programs/ans_resolver/../registry/../ans_utils"
checksum = "00f4885f073789d0340bebfd0a055d319e11509c7242bf7bba73fd955e458e72"
dependencies = []

[[package]]
name = "aleo_name_service_registry_v3.aleo"
location = "local"
path = "/Users/snowtiger/PycharmProjects/ans-programs/programs/ans_resolver/../registry"
checksum = "d691d94dff98c246c9fab08a9eafdb83a275b57f7d599b128cef955357fada9e"
dependencies = ["ans_utils_v2.aleo"]
