[[package]]
name = "ans_utils.aleo"
location = "local"
path = "/Users/snowtiger/PycharmProjects/ans-programs/programs/ans_registrar_usd2/../registry/../ans_utils"
checksum = "46fceaf583615ff555d9c412261b6da292c9c84e74637deaee96600bd85989f5"
dependencies = []

[[package]]
name = "aleo_name_service_registry.aleo"
location = "local"
path = "/Users/snowtiger/PycharmProjects/ans-programs/programs/ans_registrar_usd2/../registry"
checksum = "ee65cfed835e0a25ffeaa10deb2f24108cbac6465ee0df008b1feff968a67147"
dependencies = ["ans_utils.aleo"]

[[package]]
name = "ans_coupon_card.aleo"
location = "local"
path = "/Users/snowtiger/PycharmProjects/ans-programs/programs/ans_registrar_usd2/../ans_coupon_card"
checksum = "3bb180711161d4a9f0e3b885eae7839a8f57f2b2e48affcfea3757d9e01e291c"
dependencies = []

[[package]]
name = "credits.aleo"
network = "mainnet"
location = "network"
checksum = "e185a49fba7f5e477c3fedf8968be9912ae7d8db34531c246041e899175e4d33"
dependencies = []
